
Microsoft Visual Studio Solution File, Format Version 12.00
# Visual Studio Version 17
VisualStudioVersion = 17.8.34408.163
MinimumVisualStudioVersion = 10.0.40219.1
Project("{FAE04EC0-301F-11D3-BF4B-00C04F79EFBC}") = "UniversityManagerAPI", "UniversityManagerAPI\UniversityManagerAPI.csproj", "{27AED32D-39F8-43EB-B792-1FFE4F7FEA38}"
EndProject
Global
	GlobalSection(SolutionConfigurationPlatforms) = preSolution
		Debug|Any CPU = Debug|Any CPU
		Release|Any CPU = Release|Any CPU
	EndGlobalSection
	GlobalSection(ProjectConfigurationPlatforms) = postSolution
		{27AED32D-39F8-43EB-B792-1FFE4F7FEA38}.Debug|Any CPU.ActiveCfg = Debug|Any CPU
		{27AED32D-39F8-43EB-B792-1FFE4F7FEA38}.Debug|Any CPU.Build.0 = Debug|Any CPU
		{27AED32D-39F8-43EB-B792-1FFE4F7FEA38}.Release|Any CPU.ActiveCfg = Release|Any CPU
		{27AED32D-39F8-43EB-B792-1FFE4F7FEA38}.Release|Any CPU.Build.0 = Release|Any CPU
	EndGlobalSection
	GlobalSection(SolutionProperties) = preSolution
		HideSolutionNode = FALSE
	EndGlobalSection
	GlobalSection(ExtensibilityGlobals) = postSolution
		SolutionGuid = {DE1946AD-B03A-49A4-903B-9D0BFC8508C7}
	EndGlobalSection
EndGlobal
